{
	"name": "nihonsentencejs",
	"version": "1.0.0",
	"lockfileVersion": 3,
	"requires": true,
	"packages": {
		"": {
			"name": "nihonsentencejs",
			"version": "1.0.0",
			"license": "ISC",
			"dependencies": {
				"nlcst-parse-japanese": "^1.4.0"
			}
		},
		"node_modules/async": {
			"version": "2.6.4",
			"resolved": "https://registry.npmjs.org/async/-/async-2.6.4.tgz",
			"integrity": "sha512-mzo5dfJYwAn29PeiJ0zvwTo04zj8HDJj0Mn8TD7sno7q12prdbnasKJHhkm2c1LgrhlJ0teaea8860oxi51mGA==",
			"dependencies": {
				"lodash": "^4.17.14"
			}
		},
		"node_modules/doublearray": {
			"version": "0.0.2",
			"resolved": "https://registry.npmjs.org/doublearray/-/doublearray-0.0.2.tgz",
			"integrity": "sha512-aw55FtZzT6AmiamEj2kvmR6BuFqvYgKZUkfQ7teqVRNqD5UE0rw8IeW/3gieHNKQ5sPuDKlljWEn4bzv5+1bHw=="
		},
		"node_modules/kuromoji": {
			"version": "0.1.1",
			"resolved": "https://registry.npmjs.org/kuromoji/-/kuromoji-0.1.1.tgz",
			"integrity": "sha512-B7ctEuhoYzRDbgsRn/3NQVee/Q4WRFVuCxkYtnQLl+t/5tw2f7JL0GQH/CQQ3gqlaEvBJgfnGNA6st09wmqkRA==",
			"dependencies": {
				"async": "^2.0.1",
				"doublearray": "0.0.2",
				"zlibjs": "^0.2.0"
			}
		},
		"node_modules/kuromojin": {
			"version": "1.5.1",
			"resolved": "https://registry.npmjs.org/kuromojin/-/kuromojin-1.5.1.tgz",
			"integrity": "sha512-tzt3UUqWqzwHMsahchyrcs9kgbn6OM7xP4QRCd0w5vqE0lA/cjCH0OxjLaekz5cnxGmcy8RfN7La3xOxZOvJ1w==",
			"dependencies": {
				"kuromoji": "0.1.1"
			}
		},
		"node_modules/lodash": {
			"version": "4.17.21",
			"resolved": "https://registry.npmjs.org/lodash/-/lodash-4.17.21.tgz",
			"integrity": "sha512-v2kDEe57lecTulaDIuNTPy3Ry4gLGJ6Z1O3vE1krgXZNrsQ+LFTGHVxVjcXPs17LhbZVGedAJv8XZ1tvj5FvSg=="
		},
		"node_modules/nlcst-parse-japanese": {
			"version": "1.4.0",
			"resolved": "https://registry.npmjs.org/nlcst-parse-japanese/-/nlcst-parse-japanese-1.4.0.tgz",
			"integrity": "sha512-92YsW4AO9iqSKKLgKPrbfRrvR4XtYuZNaErSP+jq0mpWCu4uLMn8tJFLMM6H/+3SWiV2WBSnv5BY2lFhxCqFSg==",
			"dependencies": {
				"kuromojin": "^1.4.0",
				"nlcst-types": "^1.4.0",
				"unist-types": "^1.4.0"
			}
		},
		"node_modules/nlcst-types": {
			"version": "1.4.0",
			"resolved": "https://registry.npmjs.org/nlcst-types/-/nlcst-types-1.4.0.tgz",
			"integrity": "sha512-zVKrIbX9LojI8AwYwiVv9QBS8ulReh32pnGABrqXpFKCm0vbVx9Zzn1bsrs7ebuUR0iuihkif48EM+gfsMCx5g==",
			"dependencies": {
				"unist-types": "^1.4.0"
			}
		},
		"node_modules/unist-types": {
			"version": "1.4.0",
			"resolved": "https://registry.npmjs.org/unist-types/-/unist-types-1.4.0.tgz",
			"integrity": "sha512-umIkg5iLYjZiDiZuX7wgG5UFd1z5NoiWkxk7xU00wXfj+i8ZePdcMWS9freHKJgAPyk6dkaKqc4akATCH/hNFA=="
		},
		"node_modules/zlibjs": {
			"version": "0.2.0",
			"resolved": "https://registry.npmjs.org/zlibjs/-/zlibjs-0.2.0.tgz",
			"integrity": "sha512-UA5w5YE92YlkBgr2qk4G3rNrOskQqHy0b/vhlU1U+MKeEHAASJ787MiXBUUsEuHO5t0pwKZ7VOAEJMJhLXcJsg==",
			"engines": {
				"node": "*"
			}
		}
	}
}
